
Microsoft Visual Studio Solution File, Format Version 12.00
# Visual Studio Version 17
VisualStudioVersion = 17.13.35931.197 d17.13
MinimumVisualStudioVersion = 10.0.40219.1
Project("{FAE04EC0-301F-11D3-BF4B-00C04F79EFBC}") = "Mandelbrot.WinForms", "Mandelbrot.WinForms\Mandelbrot.WinForms.csproj", "{8ADC09BD-1E58-48DB-8345-80E65B38B31E}"
EndProject
Project("{FAE04EC0-301F-11D3-BF4B-00C04F79EFBC}") = "Mandelbrot.Core", "Mandelbrot.Core\Mandelbrot.Core.csproj", "{613A7EE7-1610-4533-BABE-FED522981954}"
EndProject
Project("{FAE04EC0-301F-11D3-BF4B-00C04F79EFBC}") = "Mandelbrot.Benchmarks", "Mandelbrot.Benchmarks\Mandelbrot.Benchmarks.csproj", "{FBBA0C5A-D198-48E2-843D-58A4940EDCEF}"
EndProject
Project("{FAE04EC0-301F-11D3-BF4B-00C04F79EFBC}") = "Mandelbrot.ConsoleTests", "Mandelbrot.ConsoleTests\Mandelbrot.ConsoleTests.csproj", "{032305F9-D74D-449B-863E-F22996874153}"
EndProject
Global
	GlobalSection(SolutionConfigurationPlatforms) = preSolution
		Debug|Any CPU = Debug|Any CPU
		Release|Any CPU = Release|Any CPU
	EndGlobalSection
	GlobalSection(ProjectConfigurationPlatforms) = postSolution
		{8ADC09BD-1E58-48DB-8345-80E65B38B31E}.Debug|Any CPU.ActiveCfg = Debug|Any CPU
		{8ADC09BD-1E58-48DB-8345-80E65B38B31E}.Debug|Any CPU.Build.0 = Debug|Any CPU
		{8ADC09BD-1E58-48DB-8345-80E65B38B31E}.Release|Any CPU.ActiveCfg = Release|Any CPU
		{8ADC09BD-1E58-48DB-8345-80E65B38B31E}.Release|Any CPU.Build.0 = Release|Any CPU
		{613A7EE7-1610-4533-BABE-FED522981954}.Debug|Any CPU.ActiveCfg = Debug|Any CPU
		{613A7EE7-1610-4533-BABE-FED522981954}.Debug|Any CPU.Build.0 = Debug|Any CPU
		{613A7EE7-1610-4533-BABE-FED522981954}.Release|Any CPU.ActiveCfg = Release|Any CPU
		{613A7EE7-1610-4533-BABE-FED522981954}.Release|Any CPU.Build.0 = Release|Any CPU
		{FBBA0C5A-D198-48E2-843D-58A4940EDCEF}.Debug|Any CPU.ActiveCfg = Debug|Any CPU
		{FBBA0C5A-D198-48E2-843D-58A4940EDCEF}.Debug|Any CPU.Build.0 = Debug|Any CPU
		{FBBA0C5A-D198-48E2-843D-58A4940EDCEF}.Release|Any CPU.ActiveCfg = Release|Any CPU
		{FBBA0C5A-D198-48E2-843D-58A4940EDCEF}.Release|Any CPU.Build.0 = Release|Any CPU
		{032305F9-D74D-449B-863E-F22996874153}.Debug|Any CPU.ActiveCfg = Debug|Any CPU
		{032305F9-D74D-449B-863E-F22996874153}.Debug|Any CPU.Build.0 = Debug|Any CPU
		{032305F9-D74D-449B-863E-F22996874153}.Release|Any CPU.ActiveCfg = Release|Any CPU
		{032305F9-D74D-449B-863E-F22996874153}.Release|Any CPU.Build.0 = Release|Any CPU
	EndGlobalSection
	GlobalSection(SolutionProperties) = preSolution
		HideSolutionNode = FALSE
	EndGlobalSection
EndGlobal
